# This file was autogenerated by Stack.
# You should not edit this file by hand.
# For more information, please see the documentation at:
#   https://docs.haskellstack.org/en/stable/lock_files

packages:
- completed:
    size: 4145
    url: https://github.com/ruamk/autoteka/archive/442adfaa25b17e03fd073887c8fbd54e68b5c777.tar.gz
    name: autoteka
    version: 0.1.0.0
    sha256: 3730fbdfba34588164d2a78dd0e1ee03bbc314bc5e70f24c0c8cb661f582d154
    pantry-tree:
      size: 593
      sha256: 3a2682d1452cd9d57e7ccca36769f3923d1fa84d4a210ac2ac6e7f73a8eb6a30
  original:
    url: https://github.com/ruamk/autoteka/archive/442adfaa25b17e03fd073887c8fbd54e68b5c777.tar.gz
snapshots:
- completed:
    size: 496112
    url: https://raw.githubusercontent.com/commercialhaskell/stackage-snapshots/master/lts/15/15.yaml
    sha256: 86169722ad0056ffc9eacc157ef80ee21d7024f92c0d2961c89ccf432db230a3
  original: lts-15.15
